# This file is generated by running "yarn install" inside your project.
# Manual changes might be lost - proceed with caution!

__metadata:
  version: 6
  cacheKey: 8

"@thirdweb-dev/contracts@npm:^3":
  version: 3.5.0
  resolution: "@thirdweb-dev/contracts@npm:3.5.0"
  checksum: 19fc57f64dbb1bb5ecbf7323ab72e4603c3478540f658a223549cd85d0f358e325c3d9b81b5b69db3184254df800005ca9d7615e98a4ee2483e5124045068696
  languageName: node
  linkType: hard

"forge-starter@workspace:.":
  version: 0.0.0-use.local
  resolution: "forge-starter@workspace:."
  dependencies:
    "@thirdweb-dev/contracts": ^3
  languageName: unknown
  linkType: soft
